
Microsoft Visual Studio Solution File, Format Version 12.00
# Visual Studio Version 17
VisualStudioVersion = 17.11.35327.3
MinimumVisualStudioVersion = 10.0.40219.1
Project("{FAE04EC0-301F-11D3-BF4B-00C04F79EFBC}") = "RabbitMQ.Fanout.Exchange.Consumer", "RabbitMQ.Fanout.Exchange.Consumer.csproj", "{9FCAB43B-FE54-4A2F-97E4-7A630E25A48E}"
EndProject
Global
	GlobalSection(SolutionConfigurationPlatforms) = preSolution
		Debug|Any CPU = Debug|Any CPU
		Release|Any CPU = Release|Any CPU
	EndGlobalSection
	GlobalSection(ProjectConfigurationPlatforms) = postSolution
		{9FCAB43B-FE54-4A2F-97E4-7A630E25A48E}.Debug|Any CPU.ActiveCfg = Debug|Any CPU
		{9FCAB43B-FE54-4A2F-97E4-7A630E25A48E}.Debug|Any CPU.Build.0 = Debug|Any CPU
		{9FCAB43B-FE54-4A2F-97E4-7A630E25A48E}.Release|Any CPU.ActiveCfg = Release|Any CPU
		{9FCAB43B-FE54-4A2F-97E4-7A630E25A48E}.Release|Any CPU.Build.0 = Release|Any CPU
	EndGlobalSection
	GlobalSection(SolutionProperties) = preSolution
		HideSolutionNode = FALSE
	EndGlobalSection
	GlobalSection(ExtensibilityGlobals) = postSolution
		SolutionGuid = {530FAF62-AC04-4B15-A465-019F8DC6ED45}
	EndGlobalSection
EndGlobal
